
Microsoft Visual Studio Solution File, Format Version 12.00
# Visual Studio Version 17
VisualStudioVersion = 17.2.32516.85
MinimumVisualStudioVersion = 10.0.40219.1
Project("{FAE04EC0-301F-11D3-BF4B-00C04F79EFBC}") = "PRN-_SE11624_PRO", "PRN-_SE11624_PRO\PRN-_SE11624_PRO.csproj", "{2414A53E-AA3D-4320-A8D2-79816929604A}"
EndProject
Global
	GlobalSection(SolutionConfigurationPlatforms) = preSolution
		Debug|Any CPU = Debug|Any CPU
		Release|Any CPU = Release|Any CPU
	EndGlobalSection
	GlobalSection(ProjectConfigurationPlatforms) = postSolution
		{2414A53E-AA3D-4320-A8D2-79816929604A}.Debug|Any CPU.ActiveCfg = Debug|Any CPU
		{2414A53E-AA3D-4320-A8D2-79816929604A}.Debug|Any CPU.Build.0 = Debug|Any CPU
		{2414A53E-AA3D-4320-A8D2-79816929604A}.Release|Any CPU.ActiveCfg = Release|Any CPU
		{2414A53E-AA3D-4320-A8D2-79816929604A}.Release|Any CPU.Build.0 = Release|Any CPU
	EndGlobalSection
	GlobalSection(SolutionProperties) = preSolution
		HideSolutionNode = FALSE
	EndGlobalSection
	GlobalSection(ExtensibilityGlobals) = postSolution
		SolutionGuid = {63F5FF7B-7F2B-423B-951E-B2EF3279D92F}
	EndGlobalSection
EndGlobal
